{
  "name": "schooladmin",
  "version": "1.0.0",
  "lockfileVersion": 3,
  "requires": true,
  "packages": {
    "": {
      "dependencies": {
        "@fullcalendar/interaction": "^6.1.19",
        "@fullcalendar/react": "^6.1.19",
        "@fullcalendar/timegrid": "^6.1.19",
        "bcryptjs": "^3.0.2",
        "embla-carousel-autoplay": "^8.6.0"
      }
    },
    "node_modules/@fullcalendar/core": {
      "version": "6.1.19",
      "resolved": "https://registry.npmjs.org/@fullcalendar/core/-/core-6.1.19.tgz",
      "integrity": "sha512-z0aVlO5e4Wah6p6mouM0UEqtRf1MZZPt4mwzEyU6kusaNL+dlWQgAasF2cK23hwT4cmxkEmr4inULXgpyeExdQ==",
      "license": "MIT",
      "peer": true,
      "dependencies": {
        "preact": "~10.12.1"
      }
    },
    "node_modules/@fullcalendar/daygrid": {
      "version": "6.1.19",
      "resolved": "https://registry.npmjs.org/@fullcalendar/daygrid/-/daygrid-6.1.19.tgz",
      "integrity": "sha512-IAAfnMICnVWPjpT4zi87i3FEw0xxSza0avqY/HedKEz+l5MTBYvCDPOWDATpzXoLut3aACsjktIyw9thvIcRYQ==",
      "license": "MIT",
      "peerDependencies": {
        "@fullcalendar/core": "~6.1.19"
      }
    },
    "node_modules/@fullcalendar/interaction": {
      "version": "6.1.19",
      "resolved": "https://registry.npmjs.org/@fullcalendar/interaction/-/interaction-6.1.19.tgz",
      "integrity": "sha512-GOciy79xe8JMVp+1evAU3ytdwN/7tv35t5i1vFkifiuWcQMLC/JnLg/RA2s4sYmQwoYhTw/p4GLcP0gO5B3X5w==",
      "license": "MIT",
      "peerDependencies": {
        "@fullcalendar/core": "~6.1.19"
      }
    },
    "node_modules/@fullcalendar/react": {
      "version": "6.1.19",
      "resolved": "https://registry.npmjs.org/@fullcalendar/react/-/react-6.1.19.tgz",
      "integrity": "sha512-FP78vnyylaL/btZeHig8LQgfHgfwxLaIG6sKbNkzkPkKEACv11UyyBoTSkaavPsHtXvAkcTED1l7TOunAyPEnA==",
      "license": "MIT",
      "peerDependencies": {
        "@fullcalendar/core": "~6.1.19",
        "react": "^16.7.0 || ^17 || ^18 || ^19",
        "react-dom": "^16.7.0 || ^17 || ^18 || ^19"
      }
    },
    "node_modules/@fullcalendar/timegrid": {
      "version": "6.1.19",
      "resolved": "https://registry.npmjs.org/@fullcalendar/timegrid/-/timegrid-6.1.19.tgz",
      "integrity": "sha512-OuzpUueyO9wB5OZ8rs7TWIoqvu4v3yEqdDxZ2VcsMldCpYJRiOe7yHWKr4ap5Tb0fs7Rjbserc/b6Nt7ol6BRg==",
      "license": "MIT",
      "dependencies": {
        "@fullcalendar/daygrid": "~6.1.19"
      },
      "peerDependencies": {
        "@fullcalendar/core": "~6.1.19"
      }
    },
    "node_modules/bcryptjs": {
      "version": "3.0.2",
      "resolved": "https://registry.npmjs.org/bcryptjs/-/bcryptjs-3.0.2.tgz",
      "integrity": "sha512-k38b3XOZKv60C4E2hVsXTolJWfkGRMbILBIe2IBITXciy5bOsTKot5kDrf3ZfufQtQOUN5mXceUEpU1rTl9Uog==",
      "license": "BSD-3-Clause",
      "bin": {
        "bcrypt": "bin/bcrypt"
      }
    },
    "node_modules/embla-carousel": {
      "version": "8.6.0",
      "resolved": "https://registry.npmjs.org/embla-carousel/-/embla-carousel-8.6.0.tgz",
      "integrity": "sha512-SjWyZBHJPbqxHOzckOfo8lHisEaJWmwd23XppYFYVh10bU66/Pn5tkVkbkCMZVdbUE5eTCI2nD8OyIP4Z+uwkA==",
      "license": "MIT",
      "peer": true
    },
    "node_modules/embla-carousel-autoplay": {
      "version": "8.6.0",
      "resolved": "https://registry.npmjs.org/embla-carousel-autoplay/-/embla-carousel-autoplay-8.6.0.tgz",
      "integrity": "sha512-OBu5G3nwaSXkZCo1A6LTaFMZ8EpkYbwIaH+bPqdBnDGQ2fh4+NbzjXjs2SktoPNKCtflfVMc75njaDHOYXcrsA==",
      "license": "MIT",
      "peerDependencies": {
        "embla-carousel": "8.6.0"
      }
    },
<<<<<<< HEAD
    "node_modules/fast-deep-equal": {
      "version": "3.1.3",
      "resolved": "https://registry.npmjs.org/fast-deep-equal/-/fast-deep-equal-3.1.3.tgz",
      "integrity": "sha512-f3qQ9oQy9j2AhBe/H9VC91wLmKBCCU/gDOnKNAYG5hswO7BLKj09Hc5HYNz9cGI++xlpDCIgDaitVs03ATR84Q=="
    },
    "node_modules/fontkit": {
      "version": "2.0.4",
      "resolved": "https://registry.npmjs.org/fontkit/-/fontkit-2.0.4.tgz",
      "integrity": "sha512-syetQadaUEDNdxdugga9CpEYVaQIxOwk7GlwZWWZ19//qW4zE5bknOKeMBDYAASwnpaSHKJITRLMF9m1fp3s6g==",
      "dependencies": {
        "@swc/helpers": "^0.5.12",
        "brotli": "^1.3.2",
        "clone": "^2.1.2",
        "dfa": "^1.2.0",
        "fast-deep-equal": "^3.1.3",
        "restructure": "^3.0.0",
        "tiny-inflate": "^1.0.3",
        "unicode-properties": "^1.4.0",
        "unicode-trie": "^2.0.0"
      }
    },
    "node_modules/jpeg-exif": {
      "version": "1.1.4",
      "resolved": "https://registry.npmjs.org/jpeg-exif/-/jpeg-exif-1.1.4.tgz",
      "integrity": "sha512-a+bKEcCjtuW5WTdgeXFzswSrdqi0jk4XlEtZlx5A94wCoBpFjfFTbo/Tra5SpNCl/YFZPvcV1dJc+TAYeg6ROQ=="
    },
    "node_modules/linebreak": {
      "version": "1.1.0",
      "resolved": "https://registry.npmjs.org/linebreak/-/linebreak-1.1.0.tgz",
      "integrity": "sha512-MHp03UImeVhB7XZtjd0E4n6+3xr5Dq/9xI/5FptGk5FrbDR3zagPa2DS6U8ks/3HjbKWG9Q1M2ufOzxV2qLYSQ==",
      "dependencies": {
        "base64-js": "0.0.8",
        "unicode-trie": "^2.0.0"
      }
    },
    "node_modules/linebreak/node_modules/base64-js": {
      "version": "0.0.8",
      "resolved": "https://registry.npmjs.org/base64-js/-/base64-js-0.0.8.tgz",
      "integrity": "sha512-3XSA2cR/h/73EzlXXdU6YNycmYI7+kicTxks4eJg2g39biHR84slg2+des+p7iHYhbRg/udIS4TD53WabcOUkw==",
      "engines": {
        "node": ">= 0.4"
      }
    },
    "node_modules/nodemailer": {
      "version": "7.0.6",
      "resolved": "https://registry.npmjs.org/nodemailer/-/nodemailer-7.0.6.tgz",
      "integrity": "sha512-F44uVzgwo49xboqbFgBGkRaiMgtoBrBEWCVincJPK9+S9Adkzt/wXCLKbf7dxucmxfTI5gHGB+bEmdyzN6QKjw==",
      "engines": {
        "node": ">=6.0.0"
      }
    },
    "node_modules/pako": {
      "version": "0.2.9",
      "resolved": "https://registry.npmjs.org/pako/-/pako-0.2.9.tgz",
      "integrity": "sha512-NUcwaKxUxWrZLpDG+z/xZaCgQITkA/Dv4V/T6bw7VON6l1Xz/VnrBqrYjZQ12TamKHzITTfOEIYUj48y2KXImA=="
    },
    "node_modules/pdfkit": {
      "version": "0.17.2",
      "resolved": "https://registry.npmjs.org/pdfkit/-/pdfkit-0.17.2.tgz",
      "integrity": "sha512-UnwF5fXy08f0dnp4jchFYAROKMNTaPqb/xgR8GtCzIcqoTnbOqtp3bwKvO4688oHI6vzEEs8Q6vqqEnC5IUELw==",
      "dependencies": {
        "crypto-js": "^4.2.0",
        "fontkit": "^2.0.4",
        "jpeg-exif": "^1.1.4",
        "linebreak": "^1.1.0",
        "png-js": "^1.0.0"
      }
    },
    "node_modules/png-js": {
      "version": "1.0.0",
      "resolved": "https://registry.npmjs.org/png-js/-/png-js-1.0.0.tgz",
      "integrity": "sha512-k+YsbhpA9e+EFfKjTCH3VW6aoKlyNYI6NYdTfDL4CIvFnvsuO84ttonmZE7rc+v23SLTH8XX+5w/Ak9v0xGY4g=="
    },
    "node_modules/restructure": {
      "version": "3.0.2",
      "resolved": "https://registry.npmjs.org/restructure/-/restructure-3.0.2.tgz",
      "integrity": "sha512-gSfoiOEA0VPE6Tukkrr7I0RBdE0s7H1eFCDBk05l1KIQT1UIKNc5JZy6jdyW6eYH3aR3g5b3PuL77rq0hvwtAw=="
    },
    "node_modules/tiny-inflate": {
      "version": "1.0.3",
      "resolved": "https://registry.npmjs.org/tiny-inflate/-/tiny-inflate-1.0.3.tgz",
      "integrity": "sha512-pkY1fj1cKHb2seWDy0B16HeWyczlJA9/WW3u3c4z/NiWDsO3DOU5D7nhTLE9CF0yXv/QZFY7sEJmj24dK+Rrqw=="
    },
    "node_modules/tslib": {
      "version": "2.8.1",
      "resolved": "https://registry.npmjs.org/tslib/-/tslib-2.8.1.tgz",
      "integrity": "sha512-oJFu94HQb+KVduSUQL7wnpmqnfmLsOA/nAh6b6EH0wCEoK0/mPeXU6c3wKDV83MkOuHPRHtSXKKU99IBazS/2w=="
    },
    "node_modules/unicode-properties": {
      "version": "1.4.1",
      "resolved": "https://registry.npmjs.org/unicode-properties/-/unicode-properties-1.4.1.tgz",
      "integrity": "sha512-CLjCCLQ6UuMxWnbIylkisbRj31qxHPAurvena/0iwSVbQ2G1VY5/HjV0IRabOEbDHlzZlRdCrD4NhB0JtU40Pg==",
      "dependencies": {
        "base64-js": "^1.3.0",
        "unicode-trie": "^2.0.0"
      }
    },
    "node_modules/unicode-trie": {
      "version": "2.0.0",
      "resolved": "https://registry.npmjs.org/unicode-trie/-/unicode-trie-2.0.0.tgz",
      "integrity": "sha512-x7bc76x0bm4prf1VLg79uhAzKw8DVboClSN5VxJuQ+LKDOVEW9CdH+VY7SP+vX7xCYQqzzgQpFqz15zeLvAtZQ==",
      "dependencies": {
        "pako": "^0.2.5",
        "tiny-inflate": "^1.0.0"
      }
=======
    "node_modules/preact": {
      "version": "10.12.1",
      "resolved": "https://registry.npmjs.org/preact/-/preact-10.12.1.tgz",
      "integrity": "sha512-l8386ixSsBdbreOAkqtrwqHwdvR35ID8c3rKPa8lCWuO86dBi32QWHV4vfsZK1utLLFMvw+Z5Ad4XLkZzchscg==",
      "license": "MIT",
      "peer": true,
      "funding": {
        "type": "opencollective",
        "url": "https://opencollective.com/preact"
      }
    },
    "node_modules/react": {
      "version": "19.1.1",
      "resolved": "https://registry.npmjs.org/react/-/react-19.1.1.tgz",
      "integrity": "sha512-w8nqGImo45dmMIfljjMwOGtbmC/mk4CMYhWIicdSflH91J9TyCyczcPFXJzrZ/ZXcgGRFeP6BU0BEJTw6tZdfQ==",
      "license": "MIT",
      "peer": true,
      "engines": {
        "node": ">=0.10.0"
      }
    },
    "node_modules/react-dom": {
      "version": "19.1.1",
      "resolved": "https://registry.npmjs.org/react-dom/-/react-dom-19.1.1.tgz",
      "integrity": "sha512-Dlq/5LAZgF0Gaz6yiqZCf6VCcZs1ghAJyrsu84Q/GT0gV+mCxbfmKNoGRKBYMJ8IEdGPqu49YWXD02GCknEDkw==",
      "license": "MIT",
      "peer": true,
      "dependencies": {
        "scheduler": "^0.26.0"
      },
      "peerDependencies": {
        "react": "^19.1.1"
      }
    },
    "node_modules/scheduler": {
      "version": "0.26.0",
      "resolved": "https://registry.npmjs.org/scheduler/-/scheduler-0.26.0.tgz",
      "integrity": "sha512-NlHwttCI/l5gCPR3D1nNXtWABUmBwvZpEQiD4IXSbIDq8BzLIK/7Ir5gTFSGZDUu37K5cMNp0hFtzO38sC7gWA==",
      "license": "MIT",
      "peer": true
>>>>>>> origin/develop
    }
  }
}
